
Microsoft Visual Studio Solution File, Format Version 12.00
# Visual Studio Version 17
VisualStudioVersion = 17.0.32014.148
MinimumVisualStudioVersion = 10.0.40219.1
Project("{8BC9CEB8-8B4A-11D0-8D11-00A0C91BC942}") = "Pomodoro", "Pomodoro.vcxproj", "{C5F80730-F44F-4478-BDAE-6634EFC2CA88}"
EndProject
Project("{8BC9CEB8-8B4A-11D0-8D11-00A0C91BC942}") = "Mapper.Test", "..\Mapper.Test\Mapper.Test.vcxproj", "{39C82286-EA85-42B5-BA05-C63349DF874E}"
EndProject
Global
	GlobalSection(SolutionConfigurationPlatforms) = preSolution
		Debug|x64 = Debug|x64
		Debug|x86 = Debug|x86
		Release|x64 = Release|x64
		Release|x86 = Release|x86
	EndGlobalSection
	GlobalSection(ProjectConfigurationPlatforms) = postSolution
		{C5F80730-F44F-4478-BDAE-6634EFC2CA88}.Debug|x64.ActiveCfg = Debug|Win32
		{C5F80730-F44F-4478-BDAE-6634EFC2CA88}.Debug|x64.Build.0 = Debug|Win32
		{C5F80730-F44F-4478-BDAE-6634EFC2CA88}.Debug|x86.ActiveCfg = Debug|Win32
		{C5F80730-F44F-4478-BDAE-6634EFC2CA88}.Release|x64.ActiveCfg = Release|Win32
		{C5F80730-F44F-4478-BDAE-6634EFC2CA88}.Release|x64.Build.0 = Release|Win32
		{C5F80730-F44F-4478-BDAE-6634EFC2CA88}.Release|x86.ActiveCfg = Release|Win32
		{C5F80730-F44F-4478-BDAE-6634EFC2CA88}.Release|x86.Build.0 = Release|Win32
		{39C82286-EA85-42B5-BA05-C63349DF874E}.Debug|x64.ActiveCfg = Debug|x64
		{39C82286-EA85-42B5-BA05-C63349DF874E}.Debug|x64.Build.0 = Debug|x64
		{39C82286-EA85-42B5-BA05-C63349DF874E}.Debug|x86.ActiveCfg = Debug|Win32
		{39C82286-EA85-42B5-BA05-C63349DF874E}.Debug|x86.Build.0 = Debug|Win32
		{39C82286-EA85-42B5-BA05-C63349DF874E}.Release|x64.ActiveCfg = Release|x64
		{39C82286-EA85-42B5-BA05-C63349DF874E}.Release|x64.Build.0 = Release|x64
		{39C82286-EA85-42B5-BA05-C63349DF874E}.Release|x86.ActiveCfg = Release|Win32
		{39C82286-EA85-42B5-BA05-C63349DF874E}.Release|x86.Build.0 = Release|Win32
	EndGlobalSection
	GlobalSection(SolutionProperties) = preSolution
		HideSolutionNode = FALSE
	EndGlobalSection
	GlobalSection(ExtensibilityGlobals) = postSolution
		SolutionGuid = {ED10705A-CF51-47DE-9B5B-05B5C0668458}
	EndGlobalSection
EndGlobal
